// !$*UTF8*$!
{
	archiveVersion = 1;
	classes = {
	};
	objectVersion = 56;
	objects = {

/* Begin PBXBuildFile section */
		7B1BF53D2C16D9C300FC02AC /* MediaViewController.swift in Sources */ = {isa = PBXBuildFile; fileRef = 7B1BF53C2C16D9C300FC02AC /* MediaViewController.swift */; };
		7B1BF5412C16DC0800FC02AC /* MediaModel.swift in Sources */ = {isa = PBXBuildFile; fileRef = 7B1BF5402C16DC0800FC02AC /* MediaModel.swift */; };
		7B1BF5452C17078700FC02AC /* MovieTrendTableViewCell.swift in Sources */ = {isa = PBXBuildFile; fileRef = 7B1BF5442C17078700FC02AC /* MovieTrendTableViewCell.swift */; };
		7B1BF5472C171F2900FC02AC /* UIImageView+.swift in Sources */ = {isa = PBXBuildFile; fileRef = 7B1BF5462C171F2900FC02AC /* UIImageView+.swift */; };
		7B1BF54B2C17388D00FC02AC /* MovieTrendDetailViewController.swift in Sources */ = {isa = PBXBuildFile; fileRef = 7B1BF54A2C17388D00FC02AC /* MovieTrendDetailViewController.swift */; };
		7B1BF54D2C1754AD00FC02AC /* OverViewTableViewCell.swift in Sources */ = {isa = PBXBuildFile; fileRef = 7B1BF54C2C1754AD00FC02AC /* OverViewTableViewCell.swift */; };
		7B1BF54F2C1754B800FC02AC /* CastTableViewCell.swift in Sources */ = {isa = PBXBuildFile; fileRef = 7B1BF54E2C1754B800FC02AC /* CastTableViewCell.swift */; };
		7B1BF5512C17615500FC02AC /* MediaDelegate.swift in Sources */ = {isa = PBXBuildFile; fileRef = 7B1BF5502C17615500FC02AC /* MediaDelegate.swift */; };
		7B1BF5622C18458300FC02AC /* MovieSearchCollectionViewCell.swift in Sources */ = {isa = PBXBuildFile; fileRef = 7B1BF5612C18458300FC02AC /* MovieSearchCollectionViewCell.swift */; };
		7B1BF5642C18462500FC02AC /* MovieSearchViewController.swift in Sources */ = {isa = PBXBuildFile; fileRef = 7B1BF5632C18462500FC02AC /* MovieSearchViewController.swift */; };
		7B5C13612C0EFAEB0096DE9E /* AppDelegate.swift in Sources */ = {isa = PBXBuildFile; fileRef = 7B5C13602C0EFAEB0096DE9E /* AppDelegate.swift */; };
		7B5C13632C0EFAEB0096DE9E /* SceneDelegate.swift in Sources */ = {isa = PBXBuildFile; fileRef = 7B5C13622C0EFAEB0096DE9E /* SceneDelegate.swift */; };
		7B5C13652C0EFAEB0096DE9E /* ViewController.swift in Sources */ = {isa = PBXBuildFile; fileRef = 7B5C13642C0EFAEB0096DE9E /* ViewController.swift */; };
		7B5C136A2C0EFAEC0096DE9E /* Assets.xcassets in Resources */ = {isa = PBXBuildFile; fileRef = 7B5C13692C0EFAEC0096DE9E /* Assets.xcassets */; };
		7B5C136D2C0EFAEC0096DE9E /* Base in Resources */ = {isa = PBXBuildFile; fileRef = 7B5C136C2C0EFAEC0096DE9E /* Base */; };
		7B5C13752C0EFC470096DE9E /* .gitignore in Resources */ = {isa = PBXBuildFile; fileRef = 7B5C13742C0EFC470096DE9E /* .gitignore */; };
		7B5C13782C0EFECC0096DE9E /* SnapKit in Frameworks */ = {isa = PBXBuildFile; productRef = 7B5C13772C0EFECC0096DE9E /* SnapKit */; };
		7B5C137B2C0EFED70096DE9E /* Kingfisher in Frameworks */ = {isa = PBXBuildFile; productRef = 7B5C137A2C0EFED70096DE9E /* Kingfisher */; };
		7B5C137F2C0F02670096DE9E /* HomeViewController.swift in Sources */ = {isa = PBXBuildFile; fileRef = 7B5C137E2C0F02670096DE9E /* HomeViewController.swift */; };
		7B5C13822C0F02B00096DE9E /* NewAndHotViewController.swift in Sources */ = {isa = PBXBuildFile; fileRef = 7B5C13812C0F02B00096DE9E /* NewAndHotViewController.swift */; };
		7B5C13842C0F02C80096DE9E /* SaveContentsViewController.swift in Sources */ = {isa = PBXBuildFile; fileRef = 7B5C13832C0F02C80096DE9E /* SaveContentsViewController.swift */; };
		7B5C13862C0F13200096DE9E /* ConfigureViewProtocol.swift in Sources */ = {isa = PBXBuildFile; fileRef = 7B5C13852C0F13200096DE9E /* ConfigureViewProtocol.swift */; };
		7B5C13882C0FDE480096DE9E /* LoginViewController.swift in Sources */ = {isa = PBXBuildFile; fileRef = 7B5C13872C0FDE480096DE9E /* LoginViewController.swift */; };
		7B5C13C32C11B9F30096DE9E /* LottoViewController.swift in Sources */ = {isa = PBXBuildFile; fileRef = 7B5C13C22C11B9F30096DE9E /* LottoViewController.swift */; };
		7B5C13C52C11D0480096DE9E /* UINavigationController+.swift in Sources */ = {isa = PBXBuildFile; fileRef = 7B5C13C42C11D0480096DE9E /* UINavigationController+.swift */; };
		7B5C13C92C11DC670096DE9E /* Alamofire in Frameworks */ = {isa = PBXBuildFile; productRef = 7B5C13C82C11DC670096DE9E /* Alamofire */; };
		7B5C13CB2C11E2170096DE9E /* APIKey.swift in Sources */ = {isa = PBXBuildFile; fileRef = 7B5C13CA2C11E2170096DE9E /* APIKey.swift */; };
		7B5C13CD2C11F2960096DE9E /* String+.swift in Sources */ = {isa = PBXBuildFile; fileRef = 7B5C13CC2C11F2960096DE9E /* String+.swift */; };
		7B72EB3B2C32B75C007CFAAF /* RandomNasaImageView.swift in Sources */ = {isa = PBXBuildFile; fileRef = 7B72EB3A2C32B75C007CFAAF /* RandomNasaImageView.swift */; };
		7B72EB3D2C32B768007CFAAF /* RandomNasaImageViewController.swift in Sources */ = {isa = PBXBuildFile; fileRef = 7B72EB3C2C32B768007CFAAF /* RandomNasaImageViewController.swift */; };
		7B72EB402C32E543007CFAAF /* TMDBVideoViewController.swift in Sources */ = {isa = PBXBuildFile; fileRef = 7B72EB3F2C32E543007CFAAF /* TMDBVideoViewController.swift */; };
		7B72EB422C32E56B007CFAAF /* TMDBVideoYoutubeViewController.swift in Sources */ = {isa = PBXBuildFile; fileRef = 7B72EB412C32E56B007CFAAF /* TMDBVideoYoutubeViewController.swift */; };
		7B72EB452C32E5A1007CFAAF /* TMDBVideoView.swift in Sources */ = {isa = PBXBuildFile; fileRef = 7B72EB442C32E5A1007CFAAF /* TMDBVideoView.swift */; };
		7B72EB472C32E5B6007CFAAF /* TMDBVideoYoutubeView.swift in Sources */ = {isa = PBXBuildFile; fileRef = 7B72EB462C32E5B6007CFAAF /* TMDBVideoYoutubeView.swift */; };
		7B72EB492C32E741007CFAAF /* TMDBVideoTableViewCell.swift in Sources */ = {isa = PBXBuildFile; fileRef = 7B72EB482C32E741007CFAAF /* TMDBVideoTableViewCell.swift */; };
		7B72EB5B2C341BB3007CFAAF /* RealmSwift in Frameworks */ = {isa = PBXBuildFile; productRef = 7B72EB5A2C341BB3007CFAAF /* RealmSwift */; };
		7B72EB5E2C341BC5007CFAAF /* IQKeyboardManagerSwift in Frameworks */ = {isa = PBXBuildFile; productRef = 7B72EB5D2C341BC5007CFAAF /* IQKeyboardManagerSwift */; };
		7B72EB602C341C21007CFAAF /* ReminderModel.swift in Sources */ = {isa = PBXBuildFile; fileRef = 7B72EB5F2C341C21007CFAAF /* ReminderModel.swift */; };
		7B72EB622C3423BD007CFAAF /* ReminderMainViewController.swift in Sources */ = {isa = PBXBuildFile; fileRef = 7B72EB612C3423BD007CFAAF /* ReminderMainViewController.swift */; };
		7B72EB642C3423DD007CFAAF /* ReminderMainView.swift in Sources */ = {isa = PBXBuildFile; fileRef = 7B72EB632C3423DD007CFAAF /* ReminderMainView.swift */; };
		7B72EB662C343363007CFAAF /* CreateReminderViewController.swift in Sources */ = {isa = PBXBuildFile; fileRef = 7B72EB652C343363007CFAAF /* CreateReminderViewController.swift */; };
		7B72EB682C343368007CFAAF /* CreateReminderView.swift in Sources */ = {isa = PBXBuildFile; fileRef = 7B72EB672C343368007CFAAF /* CreateReminderView.swift */; };
		7B72EB6B2C344F81007CFAAF /* DeadlineTableViewCell.swift in Sources */ = {isa = PBXBuildFile; fileRef = 7B72EB6A2C344F81007CFAAF /* DeadlineTableViewCell.swift */; };
		7B72EB6D2C34B8D3007CFAAF /* ReminderMainCollectionViewCell.swift in Sources */ = {isa = PBXBuildFile; fileRef = 7B72EB6C2C34B8D3007CFAAF /* ReminderMainCollectionViewCell.swift */; };
		7B72EB6F2C34C430007CFAAF /* AllReminderViewController.swift in Sources */ = {isa = PBXBuildFile; fileRef = 7B72EB6E2C34C430007CFAAF /* AllReminderViewController.swift */; };
		7B72EB712C34C436007CFAAF /* AllReminderView.swift in Sources */ = {isa = PBXBuildFile; fileRef = 7B72EB702C34C436007CFAAF /* AllReminderView.swift */; };
		7B72EB732C34C631007CFAAF /* ReminderTableViewCell.swift in Sources */ = {isa = PBXBuildFile; fileRef = 7B72EB722C34C631007CFAAF /* ReminderTableViewCell.swift */; };
		7B72EB762C34CEB9007CFAAF /* ReminderUpdateDelegate.swift in Sources */ = {isa = PBXBuildFile; fileRef = 7B72EB752C34CEB9007CFAAF /* ReminderUpdateDelegate.swift */; };
		7B823D4E2C22AF1E009567EE /* WeatherBotViewController.swift in Sources */ = {isa = PBXBuildFile; fileRef = 7B823D4D2C22AF1E009567EE /* WeatherBotViewController.swift */; };
		7B823D502C22B54F009567EE /* OpenWeatherModel.swift in Sources */ = {isa = PBXBuildFile; fileRef = 7B823D4F2C22B54F009567EE /* OpenWeatherModel.swift */; };
		7B823D532C22D8B1009567EE /* PopupMapViewController.swift in Sources */ = {isa = PBXBuildFile; fileRef = 7B823D522C22D8B1009567EE /* PopupMapViewController.swift */; };
		7B823D552C22DFB1009567EE /* MessageTableViewCell.swift in Sources */ = {isa = PBXBuildFile; fileRef = 7B823D542C22DFB1009567EE /* MessageTableViewCell.swift */; };
		7B823D572C22E285009567EE /* ImageTableViewCell.swift in Sources */ = {isa = PBXBuildFile; fileRef = 7B823D562C22E285009567EE /* ImageTableViewCell.swift */; };
		7B823D592C22ECF5009567EE /* Date+.swift in Sources */ = {isa = PBXBuildFile; fileRef = 7B823D582C22ECF5009567EE /* Date+.swift */; };
		7B8BD3C82C2EFDEB007A7E63 /* NSObject+.swift in Sources */ = {isa = PBXBuildFile; fileRef = 7B8BD3C72C2EFDEB007A7E63 /* NSObject+.swift */; };
		7B9BCB742C2960D60082AE38 /* TMDBRecommendViewController.swift in Sources */ = {isa = PBXBuildFile; fileRef = 7B9BCB732C2960D60082AE38 /* TMDBRecommendViewController.swift */; };
		7B9BCB762C2978790082AE38 /* RecommendMovieCollectionViewCell.swift in Sources */ = {isa = PBXBuildFile; fileRef = 7B9BCB752C2978790082AE38 /* RecommendMovieCollectionViewCell.swift */; };
		7B9BCB7A2C2981B70082AE38 /* RecommendMovieTableViewCell.swift in Sources */ = {isa = PBXBuildFile; fileRef = 7B9BCB792C2981B70082AE38 /* RecommendMovieTableViewCell.swift */; };
		7B9BCB9B2C2AA5FC0082AE38 /* NetworkManager.swift in Sources */ = {isa = PBXBuildFile; fileRef = 7B9BCB9A2C2AA5FC0082AE38 /* NetworkManager.swift */; };
		7B9BCB9E2C2ABC410082AE38 /* BaseViewController.swift in Sources */ = {isa = PBXBuildFile; fileRef = 7B9BCB9D2C2ABC410082AE38 /* BaseViewController.swift */; };
		7B9BCBA02C2ABC5A0082AE38 /* BaseTableViewCell.swift in Sources */ = {isa = PBXBuildFile; fileRef = 7B9BCB9F2C2ABC5A0082AE38 /* BaseTableViewCell.swift */; };
		7B9BCBA22C2ABC610082AE38 /* BaseCollectionViewCell.swift in Sources */ = {isa = PBXBuildFile; fileRef = 7B9BCBA12C2ABC610082AE38 /* BaseCollectionViewCell.swift */; };
		7B9BCBA42C2ABC670082AE38 /* BaseView.swift in Sources */ = {isa = PBXBuildFile; fileRef = 7B9BCBA32C2ABC670082AE38 /* BaseView.swift */; };
		7B9BCBC92C2BF4270082AE38 /* BoxOffice.swift in Sources */ = {isa = PBXBuildFile; fileRef = 7B9BCBC82C2BF4270082AE38 /* BoxOffice.swift */; };
		7B9BCBCE2C2C06290082AE38 /* Lotto.swift in Sources */ = {isa = PBXBuildFile; fileRef = 7B9BCBCD2C2C06290082AE38 /* Lotto.swift */; };
		7B9BCBDA2C2C08970082AE38 /* LottoView.swift in Sources */ = {isa = PBXBuildFile; fileRef = 7B9BCBD92C2C08970082AE38 /* LottoView.swift */; };
		7B9BCBDC2C2C0ED70082AE38 /* BoxOfficeView.swift in Sources */ = {isa = PBXBuildFile; fileRef = 7B9BCBDB2C2C0ED70082AE38 /* BoxOfficeView.swift */; };
		7B9BCBDE2C2C4F7D0082AE38 /* WeatherView.swift in Sources */ = {isa = PBXBuildFile; fileRef = 7B9BCBDD2C2C4F7D0082AE38 /* WeatherView.swift */; };
		7B9BCBE02C2C50190082AE38 /* PopupMapView.swift in Sources */ = {isa = PBXBuildFile; fileRef = 7B9BCBDF2C2C50190082AE38 /* PopupMapView.swift */; };
		7B9BCBE72C2C55000082AE38 /* MovieTrendDetailView.swift in Sources */ = {isa = PBXBuildFile; fileRef = 7B9BCBE62C2C55000082AE38 /* MovieTrendDetailView.swift */; };
		7B9BCBEB2C2C55170082AE38 /* MovieSearchView.swift in Sources */ = {isa = PBXBuildFile; fileRef = 7B9BCBEA2C2C55170082AE38 /* MovieSearchView.swift */; };
		7B9BCBED2C2C583A0082AE38 /* UIButton.Configuration+.swift in Sources */ = {isa = PBXBuildFile; fileRef = 7B9BCBEC2C2C583A0082AE38 /* UIButton.Configuration+.swift */; };
		7BD80CA82C12F3EA001F8E3F /* BoxOfficeViewController.swift in Sources */ = {isa = PBXBuildFile; fileRef = 7BD80CA72C12F3EA001F8E3F /* BoxOfficeViewController.swift */; };
		7BD80CAE2C13130B001F8E3F /* BoxOfficeTableViewCell.swift in Sources */ = {isa = PBXBuildFile; fileRef = 7BD80CAD2C13130B001F8E3F /* BoxOfficeTableViewCell.swift */; };
		7BD80CB12C131340001F8E3F /* UIViewController+.swift in Sources */ = {isa = PBXBuildFile; fileRef = 7BD80CB02C131340001F8E3F /* UIViewController+.swift */; };
/* End PBXBuildFile section */

/* Begin PBXFileReference section */
		7B1BF53C2C16D9C300FC02AC /* MediaViewController.swift */ = {isa = PBXFileReference; lastKnownFileType = sourcecode.swift; path = MediaViewController.swift; sourceTree = "<group>"; };
		7B1BF5402C16DC0800FC02AC /* MediaModel.swift */ = {isa = PBXFileReference; lastKnownFileType = sourcecode.swift; path = MediaModel.swift; sourceTree = "<group>"; };
		7B1BF5442C17078700FC02AC /* MovieTrendTableViewCell.swift */ = {isa = PBXFileReference; lastKnownFileType = sourcecode.swift; path = MovieTrendTableViewCell.swift; sourceTree = "<group>"; };
		7B1BF5462C171F2900FC02AC /* UIImageView+.swift */ = {isa = PBXFileReference; lastKnownFileType = sourcecode.swift; path = "UIImageView+.swift"; sourceTree = "<group>"; };
		7B1BF54A2C17388D00FC02AC /* MovieTrendDetailViewController.swift */ = {isa = PBXFileReference; lastKnownFileType = sourcecode.swift; path = MovieTrendDetailViewController.swift; sourceTree = "<group>"; };
		7B1BF54C2C1754AD00FC02AC /* OverViewTableViewCell.swift */ = {isa = PBXFileReference; lastKnownFileType = sourcecode.swift; path = OverViewTableViewCell.swift; sourceTree = "<group>"; };
		7B1BF54E2C1754B800FC02AC /* CastTableViewCell.swift */ = {isa = PBXFileReference; lastKnownFileType = sourcecode.swift; path = CastTableViewCell.swift; sourceTree = "<group>"; };
		7B1BF5502C17615500FC02AC /* MediaDelegate.swift */ = {isa = PBXFileReference; lastKnownFileType = sourcecode.swift; path = MediaDelegate.swift; sourceTree = "<group>"; };
		7B1BF5612C18458300FC02AC /* MovieSearchCollectionViewCell.swift */ = {isa = PBXFileReference; lastKnownFileType = sourcecode.swift; path = MovieSearchCollectionViewCell.swift; sourceTree = "<group>"; };
		7B1BF5632C18462500FC02AC /* MovieSearchViewController.swift */ = {isa = PBXFileReference; lastKnownFileType = sourcecode.swift; path = MovieSearchViewController.swift; sourceTree = "<group>"; };
		7B5C135D2C0EFAEB0096DE9E /* CodebasePractice.app */ = {isa = PBXFileReference; explicitFileType = wrapper.application; includeInIndex = 0; path = CodebasePractice.app; sourceTree = BUILT_PRODUCTS_DIR; };
		7B5C13602C0EFAEB0096DE9E /* AppDelegate.swift */ = {isa = PBXFileReference; lastKnownFileType = sourcecode.swift; path = AppDelegate.swift; sourceTree = "<group>"; };
		7B5C13622C0EFAEB0096DE9E /* SceneDelegate.swift */ = {isa = PBXFileReference; lastKnownFileType = sourcecode.swift; path = SceneDelegate.swift; sourceTree = "<group>"; };
		7B5C13642C0EFAEB0096DE9E /* ViewController.swift */ = {isa = PBXFileReference; lastKnownFileType = sourcecode.swift; path = ViewController.swift; sourceTree = "<group>"; };
		7B5C13692C0EFAEC0096DE9E /* Assets.xcassets */ = {isa = PBXFileReference; lastKnownFileType = folder.assetcatalog; path = Assets.xcassets; sourceTree = "<group>"; };
		7B5C136C2C0EFAEC0096DE9E /* Base */ = {isa = PBXFileReference; lastKnownFileType = file.storyboard; name = Base; path = Base.lproj/LaunchScreen.storyboard; sourceTree = "<group>"; };
		7B5C136E2C0EFAEC0096DE9E /* Info.plist */ = {isa = PBXFileReference; lastKnownFileType = text.plist.xml; path = Info.plist; sourceTree = "<group>"; };
		7B5C13742C0EFC470096DE9E /* .gitignore */ = {isa = PBXFileReference; lastKnownFileType = text; path = .gitignore; sourceTree = "<group>"; };
		7B5C137E2C0F02670096DE9E /* HomeViewController.swift */ = {isa = PBXFileReference; lastKnownFileType = sourcecode.swift; path = HomeViewController.swift; sourceTree = "<group>"; };
		7B5C13812C0F02B00096DE9E /* NewAndHotViewController.swift */ = {isa = PBXFileReference; lastKnownFileType = sourcecode.swift; path = NewAndHotViewController.swift; sourceTree = "<group>"; };
		7B5C13832C0F02C80096DE9E /* SaveContentsViewController.swift */ = {isa = PBXFileReference; lastKnownFileType = sourcecode.swift; path = SaveContentsViewController.swift; sourceTree = "<group>"; };
		7B5C13852C0F13200096DE9E /* ConfigureViewProtocol.swift */ = {isa = PBXFileReference; lastKnownFileType = sourcecode.swift; path = ConfigureViewProtocol.swift; sourceTree = "<group>"; };
		7B5C13872C0FDE480096DE9E /* LoginViewController.swift */ = {isa = PBXFileReference; lastKnownFileType = sourcecode.swift; path = LoginViewController.swift; sourceTree = "<group>"; };
		7B5C13C22C11B9F30096DE9E /* LottoViewController.swift */ = {isa = PBXFileReference; lastKnownFileType = sourcecode.swift; path = LottoViewController.swift; sourceTree = "<group>"; };
		7B5C13C42C11D0480096DE9E /* UINavigationController+.swift */ = {isa = PBXFileReference; lastKnownFileType = sourcecode.swift; path = "UINavigationController+.swift"; sourceTree = "<group>"; };
		7B5C13CA2C11E2170096DE9E /* APIKey.swift */ = {isa = PBXFileReference; lastKnownFileType = sourcecode.swift; path = APIKey.swift; sourceTree = "<group>"; };
		7B5C13CC2C11F2960096DE9E /* String+.swift */ = {isa = PBXFileReference; lastKnownFileType = sourcecode.swift; path = "String+.swift"; sourceTree = "<group>"; };
		7B72EB3A2C32B75C007CFAAF /* RandomNasaImageView.swift */ = {isa = PBXFileReference; lastKnownFileType = sourcecode.swift; path = RandomNasaImageView.swift; sourceTree = "<group>"; };
		7B72EB3C2C32B768007CFAAF /* RandomNasaImageViewController.swift */ = {isa = PBXFileReference; lastKnownFileType = sourcecode.swift; path = RandomNasaImageViewController.swift; sourceTree = "<group>"; };
		7B72EB3F2C32E543007CFAAF /* TMDBVideoViewController.swift */ = {isa = PBXFileReference; lastKnownFileType = sourcecode.swift; path = TMDBVideoViewController.swift; sourceTree = "<group>"; };
		7B72EB412C32E56B007CFAAF /* TMDBVideoYoutubeViewController.swift */ = {isa = PBXFileReference; lastKnownFileType = sourcecode.swift; path = TMDBVideoYoutubeViewController.swift; sourceTree = "<group>"; };
		7B72EB442C32E5A1007CFAAF /* TMDBVideoView.swift */ = {isa = PBXFileReference; lastKnownFileType = sourcecode.swift; path = TMDBVideoView.swift; sourceTree = "<group>"; };
		7B72EB462C32E5B6007CFAAF /* TMDBVideoYoutubeView.swift */ = {isa = PBXFileReference; lastKnownFileType = sourcecode.swift; path = TMDBVideoYoutubeView.swift; sourceTree = "<group>"; };
		7B72EB482C32E741007CFAAF /* TMDBVideoTableViewCell.swift */ = {isa = PBXFileReference; lastKnownFileType = sourcecode.swift; path = TMDBVideoTableViewCell.swift; sourceTree = "<group>"; };
		7B72EB5F2C341C21007CFAAF /* ReminderModel.swift */ = {isa = PBXFileReference; lastKnownFileType = sourcecode.swift; path = ReminderModel.swift; sourceTree = "<group>"; };
		7B72EB612C3423BD007CFAAF /* ReminderMainViewController.swift */ = {isa = PBXFileReference; lastKnownFileType = sourcecode.swift; path = ReminderMainViewController.swift; sourceTree = "<group>"; };
		7B72EB632C3423DD007CFAAF /* ReminderMainView.swift */ = {isa = PBXFileReference; lastKnownFileType = sourcecode.swift; path = ReminderMainView.swift; sourceTree = "<group>"; };
		7B72EB652C343363007CFAAF /* CreateReminderViewController.swift */ = {isa = PBXFileReference; lastKnownFileType = sourcecode.swift; path = CreateReminderViewController.swift; sourceTree = "<group>"; };
		7B72EB672C343368007CFAAF /* CreateReminderView.swift */ = {isa = PBXFileReference; lastKnownFileType = sourcecode.swift; path = CreateReminderView.swift; sourceTree = "<group>"; };
		7B72EB6A2C344F81007CFAAF /* DeadlineTableViewCell.swift */ = {isa = PBXFileReference; lastKnownFileType = sourcecode.swift; path = DeadlineTableViewCell.swift; sourceTree = "<group>"; };
		7B72EB6C2C34B8D3007CFAAF /* ReminderMainCollectionViewCell.swift */ = {isa = PBXFileReference; lastKnownFileType = sourcecode.swift; path = ReminderMainCollectionViewCell.swift; sourceTree = "<group>"; };
		7B72EB6E2C34C430007CFAAF /* AllReminderViewController.swift */ = {isa = PBXFileReference; lastKnownFileType = sourcecode.swift; path = AllReminderViewController.swift; sourceTree = "<group>"; };
		7B72EB702C34C436007CFAAF /* AllReminderView.swift */ = {isa = PBXFileReference; lastKnownFileType = sourcecode.swift; path = AllReminderView.swift; sourceTree = "<group>"; };
		7B72EB722C34C631007CFAAF /* ReminderTableViewCell.swift */ = {isa = PBXFileReference; lastKnownFileType = sourcecode.swift; path = ReminderTableViewCell.swift; sourceTree = "<group>"; };
		7B72EB752C34CEB9007CFAAF /* ReminderUpdateDelegate.swift */ = {isa = PBXFileReference; lastKnownFileType = sourcecode.swift; path = ReminderUpdateDelegate.swift; sourceTree = "<group>"; };
		7B823D4D2C22AF1E009567EE /* WeatherBotViewController.swift */ = {isa = PBXFileReference; lastKnownFileType = sourcecode.swift; path = WeatherBotViewController.swift; sourceTree = "<group>"; };
		7B823D4F2C22B54F009567EE /* OpenWeatherModel.swift */ = {isa = PBXFileReference; lastKnownFileType = sourcecode.swift; path = OpenWeatherModel.swift; sourceTree = "<group>"; };
		7B823D522C22D8B1009567EE /* PopupMapViewController.swift */ = {isa = PBXFileReference; lastKnownFileType = sourcecode.swift; path = PopupMapViewController.swift; sourceTree = "<group>"; };
		7B823D542C22DFB1009567EE /* MessageTableViewCell.swift */ = {isa = PBXFileReference; lastKnownFileType = sourcecode.swift; path = MessageTableViewCell.swift; sourceTree = "<group>"; };
		7B823D562C22E285009567EE /* ImageTableViewCell.swift */ = {isa = PBXFileReference; lastKnownFileType = sourcecode.swift; path = ImageTableViewCell.swift; sourceTree = "<group>"; };
		7B823D582C22ECF5009567EE /* Date+.swift */ = {isa = PBXFileReference; lastKnownFileType = sourcecode.swift; path = "Date+.swift"; sourceTree = "<group>"; };
		7B8BD3C72C2EFDEB007A7E63 /* NSObject+.swift */ = {isa = PBXFileReference; lastKnownFileType = sourcecode.swift; path = "NSObject+.swift"; sourceTree = "<group>"; };
		7B9BCB732C2960D60082AE38 /* TMDBRecommendViewController.swift */ = {isa = PBXFileReference; lastKnownFileType = sourcecode.swift; path = TMDBRecommendViewController.swift; sourceTree = "<group>"; };
		7B9BCB752C2978790082AE38 /* RecommendMovieCollectionViewCell.swift */ = {isa = PBXFileReference; lastKnownFileType = sourcecode.swift; path = RecommendMovieCollectionViewCell.swift; sourceTree = "<group>"; };
		7B9BCB792C2981B70082AE38 /* RecommendMovieTableViewCell.swift */ = {isa = PBXFileReference; lastKnownFileType = sourcecode.swift; path = RecommendMovieTableViewCell.swift; sourceTree = "<group>"; };
		7B9BCB9A2C2AA5FC0082AE38 /* NetworkManager.swift */ = {isa = PBXFileReference; lastKnownFileType = sourcecode.swift; path = NetworkManager.swift; sourceTree = "<group>"; };
		7B9BCB9D2C2ABC410082AE38 /* BaseViewController.swift */ = {isa = PBXFileReference; lastKnownFileType = sourcecode.swift; path = BaseViewController.swift; sourceTree = "<group>"; };
		7B9BCB9F2C2ABC5A0082AE38 /* BaseTableViewCell.swift */ = {isa = PBXFileReference; lastKnownFileType = sourcecode.swift; path = BaseTableViewCell.swift; sourceTree = "<group>"; };
		7B9BCBA12C2ABC610082AE38 /* BaseCollectionViewCell.swift */ = {isa = PBXFileReference; lastKnownFileType = sourcecode.swift; path = BaseCollectionViewCell.swift; sourceTree = "<group>"; };
		7B9BCBA32C2ABC670082AE38 /* BaseView.swift */ = {isa = PBXFileReference; lastKnownFileType = sourcecode.swift; path = BaseView.swift; sourceTree = "<group>"; };
		7B9BCBC82C2BF4270082AE38 /* BoxOffice.swift */ = {isa = PBXFileReference; lastKnownFileType = sourcecode.swift; path = BoxOffice.swift; sourceTree = "<group>"; };
		7B9BCBCD2C2C06290082AE38 /* Lotto.swift */ = {isa = PBXFileReference; lastKnownFileType = sourcecode.swift; path = Lotto.swift; sourceTree = "<group>"; };
		7B9BCBD92C2C08970082AE38 /* LottoView.swift */ = {isa = PBXFileReference; lastKnownFileType = sourcecode.swift; path = LottoView.swift; sourceTree = "<group>"; };
		7B9BCBDB2C2C0ED70082AE38 /* BoxOfficeView.swift */ = {isa = PBXFileReference; lastKnownFileType = sourcecode.swift; path = BoxOfficeView.swift; sourceTree = "<group>"; };
		7B9BCBDD2C2C4F7D0082AE38 /* WeatherView.swift */ = {isa = PBXFileReference; lastKnownFileType = sourcecode.swift; path = WeatherView.swift; sourceTree = "<group>"; };
		7B9BCBDF2C2C50190082AE38 /* PopupMapView.swift */ = {isa = PBXFileReference; lastKnownFileType = sourcecode.swift; path = PopupMapView.swift; sourceTree = "<group>"; };
		7B9BCBE62C2C55000082AE38 /* MovieTrendDetailView.swift */ = {isa = PBXFileReference; lastKnownFileType = sourcecode.swift; path = MovieTrendDetailView.swift; sourceTree = "<group>"; };
		7B9BCBEA2C2C55170082AE38 /* MovieSearchView.swift */ = {isa = PBXFileReference; lastKnownFileType = sourcecode.swift; path = MovieSearchView.swift; sourceTree = "<group>"; };
		7B9BCBEC2C2C583A0082AE38 /* UIButton.Configuration+.swift */ = {isa = PBXFileReference; lastKnownFileType = sourcecode.swift; path = "UIButton.Configuration+.swift"; sourceTree = "<group>"; };
		7BD80CA72C12F3EA001F8E3F /* BoxOfficeViewController.swift */ = {isa = PBXFileReference; lastKnownFileType = sourcecode.swift; path = BoxOfficeViewController.swift; sourceTree = "<group>"; };
		7BD80CAD2C13130B001F8E3F /* BoxOfficeTableViewCell.swift */ = {isa = PBXFileReference; lastKnownFileType = sourcecode.swift; path = BoxOfficeTableViewCell.swift; sourceTree = "<group>"; };
		7BD80CB02C131340001F8E3F /* UIViewController+.swift */ = {isa = PBXFileReference; lastKnownFileType = sourcecode.swift; path = "UIViewController+.swift"; sourceTree = "<group>"; };
/* End PBXFileReference section */

/* Begin PBXFrameworksBuildPhase section */
		7B5C135A2C0EFAEB0096DE9E /* Frameworks */ = {
			isa = PBXFrameworksBuildPhase;
			buildActionMask = 2147483647;
			files = (
				7B72EB5E2C341BC5007CFAAF /* IQKeyboardManagerSwift in Frameworks */,
				7B72EB5B2C341BB3007CFAAF /* RealmSwift in Frameworks */,
				7B5C13C92C11DC670096DE9E /* Alamofire in Frameworks */,
				7B5C137B2C0EFED70096DE9E /* Kingfisher in Frameworks */,
				7B5C13782C0EFECC0096DE9E /* SnapKit in Frameworks */,
			);
			runOnlyForDeploymentPostprocessing = 0;
		};
/* End PBXFrameworksBuildPhase section */

/* Begin PBXGroup section */
		7B1BF53B2C16CFDF00FC02AC /* Media */ = {
			isa = PBXGroup;
			children = (
				7B1BF55C2C18445800FC02AC /* Model */,
				7B9BCBD32C2C07D70082AE38 /* View */,
				7B9BCBD42C2C07DE0082AE38 /* ViewController */,
				7B9BCBD52C2C080D0082AE38 /* Component */,
				7B1BF55E2C1844E300FC02AC /* Delegate */,
			);
			path = Media;
			sourceTree = "<group>";
		};
		7B1BF55C2C18445800FC02AC /* Model */ = {
			isa = PBXGroup;
			children = (
				7B1BF5402C16DC0800FC02AC /* MediaModel.swift */,
			);
			path = Model;
			sourceTree = "<group>";
		};
		7B1BF55E2C1844E300FC02AC /* Delegate */ = {
			isa = PBXGroup;
			children = (
				7B1BF5502C17615500FC02AC /* MediaDelegate.swift */,
			);
			path = Delegate;
			sourceTree = "<group>";
		};
		7B1BF55F2C18450500FC02AC /* Credit */ = {
			isa = PBXGroup;
			children = (
				7B1BF54A2C17388D00FC02AC /* MovieTrendDetailViewController.swift */,
			);
			path = Credit;
			sourceTree = "<group>";
		};
		7B1BF5602C18454700FC02AC /* MovieSearch */ = {
			isa = PBXGroup;
			children = (
				7B1BF5632C18462500FC02AC /* MovieSearchViewController.swift */,
			);
			path = MovieSearch;
			sourceTree = "<group>";
		};
		7B5C13542C0EFAEB0096DE9E = {
			isa = PBXGroup;
			children = (
				7B5C13742C0EFC470096DE9E /* .gitignore */,
				7B5C135F2C0EFAEB0096DE9E /* CodebasePractice */,
				7B5C135E2C0EFAEB0096DE9E /* Products */,
			);
			sourceTree = "<group>";
		};
		7B5C135E2C0EFAEB0096DE9E /* Products */ = {
			isa = PBXGroup;
			children = (
				7B5C135D2C0EFAEB0096DE9E /* CodebasePractice.app */,
			);
			name = Products;
			sourceTree = "<group>";
		};
		7B5C135F2C0EFAEB0096DE9E /* CodebasePractice */ = {
			isa = PBXGroup;
			children = (
				7B9BCB9C2C2ABC280082AE38 /* Base */,
				7B5C13802C0F026C0096DE9E /* Netflix */,
				7B5C13BF2C11B89D0096DE9E /* Lotto */,
				7B5C13C02C11B9720096DE9E /* BoxOffice */,
				7B1BF53B2C16CFDF00FC02AC /* Media */,
				7B823D4C2C22AE2A009567EE /* WeatherBot */,
				7B72EB362C32B56A007CFAAF /* RandomNasaImage */,
				7B72EB542C3413D2007CFAAF /* Reminder */,
				7B5C13602C0EFAEB0096DE9E /* AppDelegate.swift */,
				7B5C13622C0EFAEB0096DE9E /* SceneDelegate.swift */,
				7B5C13642C0EFAEB0096DE9E /* ViewController.swift */,
				7B5C13852C0F13200096DE9E /* ConfigureViewProtocol.swift */,
				7B5C13CA2C11E2170096DE9E /* APIKey.swift */,
				7B9BCB992C2AA5D90082AE38 /* Manager */,
				7B5C13C62C11D0530096DE9E /* Extension */,
				7B5C13692C0EFAEC0096DE9E /* Assets.xcassets */,
				7B5C136B2C0EFAEC0096DE9E /* LaunchScreen.storyboard */,
				7B5C136E2C0EFAEC0096DE9E /* Info.plist */,
			);
			path = CodebasePractice;
			sourceTree = "<group>";
		};
		7B5C13802C0F026C0096DE9E /* Netflix */ = {
			isa = PBXGroup;
			children = (
				7B5C137E2C0F02670096DE9E /* HomeViewController.swift */,
				7B5C13812C0F02B00096DE9E /* NewAndHotViewController.swift */,
				7B5C13832C0F02C80096DE9E /* SaveContentsViewController.swift */,
				7B5C13872C0FDE480096DE9E /* LoginViewController.swift */,
			);
			path = Netflix;
			sourceTree = "<group>";
		};
		7B5C13BF2C11B89D0096DE9E /* Lotto */ = {
			isa = PBXGroup;
			children = (
				7B9BCBCA2C2C05F70082AE38 /* Model */,
				7B9BCBCB2C2C05FF0082AE38 /* View */,
				7B9BCBCC2C2C06060082AE38 /* ViewController */,
			);
			path = Lotto;
			sourceTree = "<group>";
		};
		7B5C13C02C11B9720096DE9E /* BoxOffice */ = {
			isa = PBXGroup;
			children = (
				7B9BCBD12C2C07860082AE38 /* Model */,
				7B9BCBD02C2C07700082AE38 /* View */,
				7B9BCBCF2C2C06550082AE38 /* ViewController */,
				7B9BCBD22C2C07A90082AE38 /* Component */,
			);
			path = BoxOffice;
			sourceTree = "<group>";
		};
		7B5C13C62C11D0530096DE9E /* Extension */ = {
			isa = PBXGroup;
			children = (
				7B5C13C42C11D0480096DE9E /* UINavigationController+.swift */,
				7B5C13CC2C11F2960096DE9E /* String+.swift */,
				7BD80CB02C131340001F8E3F /* UIViewController+.swift */,
				7B1BF5462C171F2900FC02AC /* UIImageView+.swift */,
				7B823D582C22ECF5009567EE /* Date+.swift */,
				7B9BCBEC2C2C583A0082AE38 /* UIButton.Configuration+.swift */,
				7B8BD3C72C2EFDEB007A7E63 /* NSObject+.swift */,
			);
			path = Extension;
			sourceTree = "<group>";
		};
		7B72EB362C32B56A007CFAAF /* RandomNasaImage */ = {
			isa = PBXGroup;
			children = (
				7B72EB392C32B73F007CFAAF /* View */,
				7B72EB382C32B73B007CFAAF /* ViewController */,
			);
			path = RandomNasaImage;
			sourceTree = "<group>";
		};
		7B72EB382C32B73B007CFAAF /* ViewController */ = {
			isa = PBXGroup;
			children = (
				7B72EB3C2C32B768007CFAAF /* RandomNasaImageViewController.swift */,
			);
			path = ViewController;
			sourceTree = "<group>";
		};
		7B72EB392C32B73F007CFAAF /* View */ = {
			isa = PBXGroup;
			children = (
				7B72EB3A2C32B75C007CFAAF /* RandomNasaImageView.swift */,
			);
			path = View;
			sourceTree = "<group>";
		};
		7B72EB3E2C32E503007CFAAF /* YoutubeVideo */ = {
			isa = PBXGroup;
			children = (
				7B72EB3F2C32E543007CFAAF /* TMDBVideoViewController.swift */,
				7B72EB412C32E56B007CFAAF /* TMDBVideoYoutubeViewController.swift */,
			);
			path = YoutubeVideo;
			sourceTree = "<group>";
		};
		7B72EB432C32E591007CFAAF /* YoutubeVideo */ = {
			isa = PBXGroup;
			children = (
				7B72EB442C32E5A1007CFAAF /* TMDBVideoView.swift */,
				7B72EB462C32E5B6007CFAAF /* TMDBVideoYoutubeView.swift */,
			);
			path = YoutubeVideo;
			sourceTree = "<group>";
		};
		7B72EB542C3413D2007CFAAF /* Reminder */ = {
			isa = PBXGroup;
			children = (
				7B72EB742C34CE6F007CFAAF /* Delegate */,
				7B72EB692C344F21007CFAAF /* Cell */,
				7B72EB582C341470007CFAAF /* Model */,
				7B72EB572C34146D007CFAAF /* View */,
				7B72EB562C34146A007CFAAF /* ViewController */,
			);
			path = Reminder;
			sourceTree = "<group>";
		};
		7B72EB562C34146A007CFAAF /* ViewController */ = {
			isa = PBXGroup;
			children = (
				7B72EB612C3423BD007CFAAF /* ReminderMainViewController.swift */,
				7B72EB652C343363007CFAAF /* CreateReminderViewController.swift */,
				7B72EB6E2C34C430007CFAAF /* AllReminderViewController.swift */,
			);
			path = ViewController;
			sourceTree = "<group>";
		};
		7B72EB572C34146D007CFAAF /* View */ = {
			isa = PBXGroup;
			children = (
				7B72EB632C3423DD007CFAAF /* ReminderMainView.swift */,
				7B72EB672C343368007CFAAF /* CreateReminderView.swift */,
				7B72EB702C34C436007CFAAF /* AllReminderView.swift */,
			);
			path = View;
			sourceTree = "<group>";
		};
		7B72EB582C341470007CFAAF /* Model */ = {
			isa = PBXGroup;
			children = (
				7B72EB5F2C341C21007CFAAF /* ReminderModel.swift */,
			);
			path = Model;
			sourceTree = "<group>";
		};
		7B72EB692C344F21007CFAAF /* Cell */ = {
			isa = PBXGroup;
			children = (
				7B72EB6A2C344F81007CFAAF /* DeadlineTableViewCell.swift */,
				7B72EB6C2C34B8D3007CFAAF /* ReminderMainCollectionViewCell.swift */,
				7B72EB722C34C631007CFAAF /* ReminderTableViewCell.swift */,
			);
			path = Cell;
			sourceTree = "<group>";
		};
		7B72EB742C34CE6F007CFAAF /* Delegate */ = {
			isa = PBXGroup;
			children = (
				7B72EB752C34CEB9007CFAAF /* ReminderUpdateDelegate.swift */,
			);
			path = Delegate;
			sourceTree = "<group>";
		};
		7B823D4C2C22AE2A009567EE /* WeatherBot */ = {
			isa = PBXGroup;
			children = (
				7B823D512C22B554009567EE /* Model */,
				7B9BCBD72C2C08690082AE38 /* View */,
				7B9BCBD62C2C08610082AE38 /* ViewController */,
			);
			path = WeatherBot;
			sourceTree = "<group>";
		};
		7B823D512C22B554009567EE /* Model */ = {
			isa = PBXGroup;
			children = (
				7B823D4F2C22B54F009567EE /* OpenWeatherModel.swift */,
			);
			path = Model;
			sourceTree = "<group>";
		};
		7B9BCB722C2960A50082AE38 /* Recommend */ = {
			isa = PBXGroup;
			children = (
				7B9BCB732C2960D60082AE38 /* TMDBRecommendViewController.swift */,
			);
			path = Recommend;
			sourceTree = "<group>";
		};
		7B9BCB992C2AA5D90082AE38 /* Manager */ = {
			isa = PBXGroup;
			children = (
				7B9BCB9A2C2AA5FC0082AE38 /* NetworkManager.swift */,
			);
			path = Manager;
			sourceTree = "<group>";
		};
		7B9BCB9C2C2ABC280082AE38 /* Base */ = {
			isa = PBXGroup;
			children = (
				7B9BCB9D2C2ABC410082AE38 /* BaseViewController.swift */,
				7B9BCB9F2C2ABC5A0082AE38 /* BaseTableViewCell.swift */,
				7B9BCBA12C2ABC610082AE38 /* BaseCollectionViewCell.swift */,
				7B9BCBA32C2ABC670082AE38 /* BaseView.swift */,
			);
			path = Base;
			sourceTree = "<group>";
		};
		7B9BCBCA2C2C05F70082AE38 /* Model */ = {
			isa = PBXGroup;
			children = (
				7B9BCBCD2C2C06290082AE38 /* Lotto.swift */,
			);
			path = Model;
			sourceTree = "<group>";
		};
		7B9BCBCB2C2C05FF0082AE38 /* View */ = {
			isa = PBXGroup;
			children = (
				7B9BCBD92C2C08970082AE38 /* LottoView.swift */,
			);
			path = View;
			sourceTree = "<group>";
		};
		7B9BCBCC2C2C06060082AE38 /* ViewController */ = {
			isa = PBXGroup;
			children = (
				7B5C13C22C11B9F30096DE9E /* LottoViewController.swift */,
			);
			path = ViewController;
			sourceTree = "<group>";
		};
		7B9BCBCF2C2C06550082AE38 /* ViewController */ = {
			isa = PBXGroup;
			children = (
				7BD80CA72C12F3EA001F8E3F /* BoxOfficeViewController.swift */,
			);
			path = ViewController;
			sourceTree = "<group>";
		};
		7B9BCBD02C2C07700082AE38 /* View */ = {
			isa = PBXGroup;
			children = (
				7B9BCBDB2C2C0ED70082AE38 /* BoxOfficeView.swift */,
			);
			path = View;
			sourceTree = "<group>";
		};
		7B9BCBD12C2C07860082AE38 /* Model */ = {
			isa = PBXGroup;
			children = (
				7B9BCBC82C2BF4270082AE38 /* BoxOffice.swift */,
			);
			path = Model;
			sourceTree = "<group>";
		};
		7B9BCBD22C2C07A90082AE38 /* Component */ = {
			isa = PBXGroup;
			children = (
				7BD80CAD2C13130B001F8E3F /* BoxOfficeTableViewCell.swift */,
			);
			path = Component;
			sourceTree = "<group>";
		};
		7B9BCBD32C2C07D70082AE38 /* View */ = {
			isa = PBXGroup;
			children = (
				7B9BCBE32C2C54A50082AE38 /* Credit */,
				7B72EB432C32E591007CFAAF /* YoutubeVideo */,
				7B9BCBE12C2C549F0082AE38 /* MovieSearch */,
			);
			path = View;
			sourceTree = "<group>";
		};
		7B9BCBD42C2C07DE0082AE38 /* ViewController */ = {
			isa = PBXGroup;
			children = (
				7B1BF53C2C16D9C300FC02AC /* MediaViewController.swift */,
				7B1BF55F2C18450500FC02AC /* Credit */,
				7B72EB3E2C32E503007CFAAF /* YoutubeVideo */,
				7B9BCB722C2960A50082AE38 /* Recommend */,
				7B1BF5602C18454700FC02AC /* MovieSearch */,
			);
			path = ViewController;
			sourceTree = "<group>";
		};
		7B9BCBD52C2C080D0082AE38 /* Component */ = {
			isa = PBXGroup;
			children = (
				7B1BF5442C17078700FC02AC /* MovieTrendTableViewCell.swift */,
				7B1BF54C2C1754AD00FC02AC /* OverViewTableViewCell.swift */,
				7B1BF54E2C1754B800FC02AC /* CastTableViewCell.swift */,
				7B9BCB752C2978790082AE38 /* RecommendMovieCollectionViewCell.swift */,
				7B9BCB792C2981B70082AE38 /* RecommendMovieTableViewCell.swift */,
				7B72EB482C32E741007CFAAF /* TMDBVideoTableViewCell.swift */,
				7B1BF5612C18458300FC02AC /* MovieSearchCollectionViewCell.swift */,
			);
			path = Component;
			sourceTree = "<group>";
		};
		7B9BCBD62C2C08610082AE38 /* ViewController */ = {
			isa = PBXGroup;
			children = (
				7B823D4D2C22AF1E009567EE /* WeatherBotViewController.swift */,
				7B823D522C22D8B1009567EE /* PopupMapViewController.swift */,
			);
			path = ViewController;
			sourceTree = "<group>";
		};
		7B9BCBD72C2C08690082AE38 /* View */ = {
			isa = PBXGroup;
			children = (
				7B9BCBD82C2C08760082AE38 /* Component */,
				7B9BCBDD2C2C4F7D0082AE38 /* WeatherView.swift */,
				7B9BCBDF2C2C50190082AE38 /* PopupMapView.swift */,
			);
			path = View;
			sourceTree = "<group>";
		};
		7B9BCBD82C2C08760082AE38 /* Component */ = {
			isa = PBXGroup;
			children = (
				7B823D542C22DFB1009567EE /* MessageTableViewCell.swift */,
				7B823D562C22E285009567EE /* ImageTableViewCell.swift */,
			);
			path = Component;
			sourceTree = "<group>";
		};
		7B9BCBE12C2C549F0082AE38 /* MovieSearch */ = {
			isa = PBXGroup;
			children = (
				7B9BCBEA2C2C55170082AE38 /* MovieSearchView.swift */,
			);
			path = MovieSearch;
			sourceTree = "<group>";
		};
		7B9BCBE32C2C54A50082AE38 /* Credit */ = {
			isa = PBXGroup;
			children = (
				7B9BCBE62C2C55000082AE38 /* MovieTrendDetailView.swift */,
			);
			path = Credit;
			sourceTree = "<group>";
		};
/* End PBXGroup section */

/* Begin PBXNativeTarget section */
		7B5C135C2C0EFAEB0096DE9E /* CodebasePractice */ = {
			isa = PBXNativeTarget;
			buildConfigurationList = 7B5C13712C0EFAEC0096DE9E /* Build configuration list for PBXNativeTarget "CodebasePractice" */;
			buildPhases = (
				7B5C13592C0EFAEB0096DE9E /* Sources */,
				7B5C135A2C0EFAEB0096DE9E /* Frameworks */,
				7B5C135B2C0EFAEB0096DE9E /* Resources */,
			);
			buildRules = (
			);
			dependencies = (
			);
			name = CodebasePractice;
			packageProductDependencies = (
				7B5C13772C0EFECC0096DE9E /* SnapKit */,
				7B5C137A2C0EFED70096DE9E /* Kingfisher */,
				7B5C13C82C11DC670096DE9E /* Alamofire */,
				7B72EB5A2C341BB3007CFAAF /* RealmSwift */,
				7B72EB5D2C341BC5007CFAAF /* IQKeyboardManagerSwift */,
			);
			productName = CodebasePractice;
			productReference = 7B5C135D2C0EFAEB0096DE9E /* CodebasePractice.app */;
			productType = "com.apple.product-type.application";
		};
/* End PBXNativeTarget section */

/* Begin PBXProject section */
		7B5C13552C0EFAEB0096DE9E /* Project object */ = {
			isa = PBXProject;
			attributes = {
				BuildIndependentTargetsInParallel = 1;
				LastSwiftUpdateCheck = 1540;
				LastUpgradeCheck = 1540;
				TargetAttributes = {
					7B5C135C2C0EFAEB0096DE9E = {
						CreatedOnToolsVersion = 15.4;
					};
				};
			};
			buildConfigurationList = 7B5C13582C0EFAEB0096DE9E /* Build configuration list for PBXProject "CodebasePractice" */;
			compatibilityVersion = "Xcode 14.0";
			developmentRegion = en;
			hasScannedForEncodings = 0;
			knownRegions = (
				en,
				Base,
			);
			mainGroup = 7B5C13542C0EFAEB0096DE9E;
			packageReferences = (
				7B5C13762C0EFECC0096DE9E /* XCRemoteSwiftPackageReference "SnapKit" */,
				7B5C13792C0EFED70096DE9E /* XCRemoteSwiftPackageReference "Kingfisher" */,
				7B5C13C72C11DC670096DE9E /* XCRemoteSwiftPackageReference "Alamofire" */,
				7B72EB592C341BB3007CFAAF /* XCRemoteSwiftPackageReference "realm-swift" */,
				7B72EB5C2C341BC5007CFAAF /* XCRemoteSwiftPackageReference "IQKeyboardManager" */,
			);
			productRefGroup = 7B5C135E2C0EFAEB0096DE9E /* Products */;
			projectDirPath = "";
			projectRoot = "";
			targets = (
				7B5C135C2C0EFAEB0096DE9E /* CodebasePractice */,
			);
		};
/* End PBXProject section */

/* Begin PBXResourcesBuildPhase section */
		7B5C135B2C0EFAEB0096DE9E /* Resources */ = {
			isa = PBXResourcesBuildPhase;
			buildActionMask = 2147483647;
			files = (
				7B5C13752C0EFC470096DE9E /* .gitignore in Resources */,
				7B5C136A2C0EFAEC0096DE9E /* Assets.xcassets in Resources */,
				7B5C136D2C0EFAEC0096DE9E /* Base in Resources */,
			);
			runOnlyForDeploymentPostprocessing = 0;
		};
/* End PBXResourcesBuildPhase section */

/* Begin PBXSourcesBuildPhase section */
		7B5C13592C0EFAEB0096DE9E /* Sources */ = {
			isa = PBXSourcesBuildPhase;
			buildActionMask = 2147483647;
			files = (
				7B9BCBEB2C2C55170082AE38 /* MovieSearchView.swift in Sources */,
				7B5C13C32C11B9F30096DE9E /* LottoViewController.swift in Sources */,
				7B72EB682C343368007CFAAF /* CreateReminderView.swift in Sources */,
				7B1BF5622C18458300FC02AC /* MovieSearchCollectionViewCell.swift in Sources */,
				7B9BCB9B2C2AA5FC0082AE38 /* NetworkManager.swift in Sources */,
				7B5C13C52C11D0480096DE9E /* UINavigationController+.swift in Sources */,
				7B72EB712C34C436007CFAAF /* AllReminderView.swift in Sources */,
				7B9BCBCE2C2C06290082AE38 /* Lotto.swift in Sources */,
				7B72EB6B2C344F81007CFAAF /* DeadlineTableViewCell.swift in Sources */,
				7B72EB6F2C34C430007CFAAF /* AllReminderViewController.swift in Sources */,
				7B1BF5512C17615500FC02AC /* MediaDelegate.swift in Sources */,
				7B9BCB7A2C2981B70082AE38 /* RecommendMovieTableViewCell.swift in Sources */,
				7B72EB602C341C21007CFAAF /* ReminderModel.swift in Sources */,
				7B72EB492C32E741007CFAAF /* TMDBVideoTableViewCell.swift in Sources */,
				7B9BCBDA2C2C08970082AE38 /* LottoView.swift in Sources */,
				7B5C137F2C0F02670096DE9E /* HomeViewController.swift in Sources */,
				7B5C13652C0EFAEB0096DE9E /* ViewController.swift in Sources */,
				7B5C13612C0EFAEB0096DE9E /* AppDelegate.swift in Sources */,
				7BD80CA82C12F3EA001F8E3F /* BoxOfficeViewController.swift in Sources */,
				7B823D532C22D8B1009567EE /* PopupMapViewController.swift in Sources */,
				7B1BF5642C18462500FC02AC /* MovieSearchViewController.swift in Sources */,
				7B72EB452C32E5A1007CFAAF /* TMDBVideoView.swift in Sources */,
				7BD80CAE2C13130B001F8E3F /* BoxOfficeTableViewCell.swift in Sources */,
				7B1BF53D2C16D9C300FC02AC /* MediaViewController.swift in Sources */,
				7B1BF54F2C1754B800FC02AC /* CastTableViewCell.swift in Sources */,
				7B72EB762C34CEB9007CFAAF /* ReminderUpdateDelegate.swift in Sources */,
				7B5C13822C0F02B00096DE9E /* NewAndHotViewController.swift in Sources */,
				7B72EB3D2C32B768007CFAAF /* RandomNasaImageViewController.swift in Sources */,
				7B9BCB762C2978790082AE38 /* RecommendMovieCollectionViewCell.swift in Sources */,
				7B72EB622C3423BD007CFAAF /* ReminderMainViewController.swift in Sources */,
				7B1BF5472C171F2900FC02AC /* UIImageView+.swift in Sources */,
				7B72EB662C343363007CFAAF /* CreateReminderViewController.swift in Sources */,
				7B823D592C22ECF5009567EE /* Date+.swift in Sources */,
				7B9BCBA42C2ABC670082AE38 /* BaseView.swift in Sources */,
				7B823D572C22E285009567EE /* ImageTableViewCell.swift in Sources */,
				7B72EB402C32E543007CFAAF /* TMDBVideoViewController.swift in Sources */,
				7B72EB732C34C631007CFAAF /* ReminderTableViewCell.swift in Sources */,
				7B823D502C22B54F009567EE /* OpenWeatherModel.swift in Sources */,
				7B9BCBC92C2BF4270082AE38 /* BoxOffice.swift in Sources */,
				7B9BCB742C2960D60082AE38 /* TMDBRecommendViewController.swift in Sources */,
				7B72EB6D2C34B8D3007CFAAF /* ReminderMainCollectionViewCell.swift in Sources */,
				7B9BCBDC2C2C0ED70082AE38 /* BoxOfficeView.swift in Sources */,
				7B9BCB9E2C2ABC410082AE38 /* BaseViewController.swift in Sources */,
				7B9BCBE02C2C50190082AE38 /* PopupMapView.swift in Sources */,
				7B5C13CD2C11F2960096DE9E /* String+.swift in Sources */,
				7B9BCBA22C2ABC610082AE38 /* BaseCollectionViewCell.swift in Sources */,
				7B72EB472C32E5B6007CFAAF /* TMDBVideoYoutubeView.swift in Sources */,
				7B1BF5452C17078700FC02AC /* MovieTrendTableViewCell.swift in Sources */,
				7B9BCBE72C2C55000082AE38 /* MovieTrendDetailView.swift in Sources */,
				7B5C13CB2C11E2170096DE9E /* APIKey.swift in Sources */,
				7B5C13882C0FDE480096DE9E /* LoginViewController.swift in Sources */,
				7B72EB3B2C32B75C007CFAAF /* RandomNasaImageView.swift in Sources */,
				7B5C13842C0F02C80096DE9E /* SaveContentsViewController.swift in Sources */,
				7B72EB642C3423DD007CFAAF /* ReminderMainView.swift in Sources */,
				7B9BCBDE2C2C4F7D0082AE38 /* WeatherView.swift in Sources */,
				7B1BF54D2C1754AD00FC02AC /* OverViewTableViewCell.swift in Sources */,
				7B823D552C22DFB1009567EE /* MessageTableViewCell.swift in Sources */,
				7B1BF5412C16DC0800FC02AC /* MediaModel.swift in Sources */,
				7B9BCBED2C2C583A0082AE38 /* UIButton.Configuration+.swift in Sources */,
				7B1BF54B2C17388D00FC02AC /* MovieTrendDetailViewController.swift in Sources */,
				7B72EB422C32E56B007CFAAF /* TMDBVideoYoutubeViewController.swift in Sources */,
				7B5C13862C0F13200096DE9E /* ConfigureViewProtocol.swift in Sources */,
				7BD80CB12C131340001F8E3F /* UIViewController+.swift in Sources */,
				7B5C13632C0EFAEB0096DE9E /* SceneDelegate.swift in Sources */,
				7B8BD3C82C2EFDEB007A7E63 /* NSObject+.swift in Sources */,
				7B9BCBA02C2ABC5A0082AE38 /* BaseTableViewCell.swift in Sources */,
				7B823D4E2C22AF1E009567EE /* WeatherBotViewController.swift in Sources */,
			);
			runOnlyForDeploymentPostprocessing = 0;
		};
/* End PBXSourcesBuildPhase section */

/* Begin PBXVariantGroup section */
		7B5C136B2C0EFAEC0096DE9E /* LaunchScreen.storyboard */ = {
			isa = PBXVariantGroup;
			children = (
				7B5C136C2C0EFAEC0096DE9E /* Base */,
			);
			name = LaunchScreen.storyboard;
			sourceTree = "<group>";
		};
/* End PBXVariantGroup section */

/* Begin XCBuildConfiguration section */
		7B5C136F2C0EFAEC0096DE9E /* Debug */ = {
			isa = XCBuildConfiguration;
			buildSettings = {
				ALWAYS_SEARCH_USER_PATHS = NO;
				ASSETCATALOG_COMPILER_GENERATE_SWIFT_ASSET_SYMBOL_EXTENSIONS = YES;
				CLANG_ANALYZER_NONNULL = YES;
				CLANG_ANALYZER_NUMBER_OBJECT_CONVERSION = YES_AGGRESSIVE;
				CLANG_CXX_LANGUAGE_STANDARD = "gnu++20";
				CLANG_ENABLE_MODULES = YES;
				CLANG_ENABLE_OBJC_ARC = YES;
				CLANG_ENABLE_OBJC_WEAK = YES;
				CLANG_WARN_BLOCK_CAPTURE_AUTORELEASING = YES;
				CLANG_WARN_BOOL_CONVERSION = YES;
				CLANG_WARN_COMMA = YES;
				CLANG_WARN_CONSTANT_CONVERSION = YES;
				CLANG_WARN_DEPRECATED_OBJC_IMPLEMENTATIONS = YES;
				CLANG_WARN_DIRECT_OBJC_ISA_USAGE = YES_ERROR;
				CLANG_WARN_DOCUMENTATION_COMMENTS = YES;
				CLANG_WARN_EMPTY_BODY = YES;
				CLANG_WARN_ENUM_CONVERSION = YES;
				CLANG_WARN_INFINITE_RECURSION = YES;
				CLANG_WARN_INT_CONVERSION = YES;
				CLANG_WARN_NON_LITERAL_NULL_CONVERSION = YES;
				CLANG_WARN_OBJC_IMPLICIT_RETAIN_SELF = YES;
				CLANG_WARN_OBJC_LITERAL_CONVERSION = YES;
				CLANG_WARN_OBJC_ROOT_CLASS = YES_ERROR;
				CLANG_WARN_QUOTED_INCLUDE_IN_FRAMEWORK_HEADER = YES;
				CLANG_WARN_RANGE_LOOP_ANALYSIS = YES;
				CLANG_WARN_STRICT_PROTOTYPES = YES;
				CLANG_WARN_SUSPICIOUS_MOVE = YES;
				CLANG_WARN_UNGUARDED_AVAILABILITY = YES_AGGRESSIVE;
				CLANG_WARN_UNREACHABLE_CODE = YES;
				CLANG_WARN__DUPLICATE_METHOD_MATCH = YES;
				COPY_PHASE_STRIP = NO;
				DEBUG_INFORMATION_FORMAT = dwarf;
				ENABLE_STRICT_OBJC_MSGSEND = YES;
				ENABLE_TESTABILITY = YES;
				ENABLE_USER_SCRIPT_SANDBOXING = YES;
				GCC_C_LANGUAGE_STANDARD = gnu17;
				GCC_DYNAMIC_NO_PIC = NO;
				GCC_NO_COMMON_BLOCKS = YES;
				GCC_OPTIMIZATION_LEVEL = 0;
				GCC_PREPROCESSOR_DEFINITIONS = (
					"DEBUG=1",
					"$(inherited)",
				);
				GCC_WARN_64_TO_32_BIT_CONVERSION = YES;
				GCC_WARN_ABOUT_RETURN_TYPE = YES_ERROR;
				GCC_WARN_UNDECLARED_SELECTOR = YES;
				GCC_WARN_UNINITIALIZED_AUTOS = YES_AGGRESSIVE;
				GCC_WARN_UNUSED_FUNCTION = YES;
				GCC_WARN_UNUSED_VARIABLE = YES;
				IPHONEOS_DEPLOYMENT_TARGET = 17.5;
				LOCALIZATION_PREFERS_STRING_CATALOGS = YES;
				MTL_ENABLE_DEBUG_INFO = INCLUDE_SOURCE;
				MTL_FAST_MATH = YES;
				ONLY_ACTIVE_ARCH = YES;
				SDKROOT = iphoneos;
				SWIFT_ACTIVE_COMPILATION_CONDITIONS = "DEBUG $(inherited)";
				SWIFT_OPTIMIZATION_LEVEL = "-Onone";
			};
			name = Debug;
		};
		7B5C13702C0EFAEC0096DE9E /* Release */ = {
			isa = XCBuildConfiguration;
			buildSettings = {
				ALWAYS_SEARCH_USER_PATHS = NO;
				ASSETCATALOG_COMPILER_GENERATE_SWIFT_ASSET_SYMBOL_EXTENSIONS = YES;
				CLANG_ANALYZER_NONNULL = YES;
				CLANG_ANALYZER_NUMBER_OBJECT_CONVERSION = YES_AGGRESSIVE;
				CLANG_CXX_LANGUAGE_STANDARD = "gnu++20";
				CLANG_ENABLE_MODULES = YES;
				CLANG_ENABLE_OBJC_ARC = YES;
				CLANG_ENABLE_OBJC_WEAK = YES;
				CLANG_WARN_BLOCK_CAPTURE_AUTORELEASING = YES;
				CLANG_WARN_BOOL_CONVERSION = YES;
				CLANG_WARN_COMMA = YES;
				CLANG_WARN_CONSTANT_CONVERSION = YES;
				CLANG_WARN_DEPRECATED_OBJC_IMPLEMENTATIONS = YES;
				CLANG_WARN_DIRECT_OBJC_ISA_USAGE = YES_ERROR;
				CLANG_WARN_DOCUMENTATION_COMMENTS = YES;
				CLANG_WARN_EMPTY_BODY = YES;
				CLANG_WARN_ENUM_CONVERSION = YES;
				CLANG_WARN_INFINITE_RECURSION = YES;
				CLANG_WARN_INT_CONVERSION = YES;
				CLANG_WARN_NON_LITERAL_NULL_CONVERSION = YES;
				CLANG_WARN_OBJC_IMPLICIT_RETAIN_SELF = YES;
				CLANG_WARN_OBJC_LITERAL_CONVERSION = YES;
				CLANG_WARN_OBJC_ROOT_CLASS = YES_ERROR;
				CLANG_WARN_QUOTED_INCLUDE_IN_FRAMEWORK_HEADER = YES;
				CLANG_WARN_RANGE_LOOP_ANALYSIS = YES;
				CLANG_WARN_STRICT_PROTOTYPES = YES;
				CLANG_WARN_SUSPICIOUS_MOVE = YES;
				CLANG_WARN_UNGUARDED_AVAILABILITY = YES_AGGRESSIVE;
				CLANG_WARN_UNREACHABLE_CODE = YES;
				CLANG_WARN__DUPLICATE_METHOD_MATCH = YES;
				COPY_PHASE_STRIP = NO;
				DEBUG_INFORMATION_FORMAT = "dwarf-with-dsym";
				ENABLE_NS_ASSERTIONS = NO;
				ENABLE_STRICT_OBJC_MSGSEND = YES;
				ENABLE_USER_SCRIPT_SANDBOXING = YES;
				GCC_C_LANGUAGE_STANDARD = gnu17;
				GCC_NO_COMMON_BLOCKS = YES;
				GCC_WARN_64_TO_32_BIT_CONVERSION = YES;
				GCC_WARN_ABOUT_RETURN_TYPE = YES_ERROR;
				GCC_WARN_UNDECLARED_SELECTOR = YES;
				GCC_WARN_UNINITIALIZED_AUTOS = YES_AGGRESSIVE;
				GCC_WARN_UNUSED_FUNCTION = YES;
				GCC_WARN_UNUSED_VARIABLE = YES;
				IPHONEOS_DEPLOYMENT_TARGET = 17.5;
				LOCALIZATION_PREFERS_STRING_CATALOGS = YES;
				MTL_ENABLE_DEBUG_INFO = NO;
				MTL_FAST_MATH = YES;
				SDKROOT = iphoneos;
				SWIFT_COMPILATION_MODE = wholemodule;
				VALIDATE_PRODUCT = YES;
			};
			name = Release;
		};
		7B5C13722C0EFAEC0096DE9E /* Debug */ = {
			isa = XCBuildConfiguration;
			buildSettings = {
				ASSETCATALOG_COMPILER_APPICON_NAME = AppIcon;
				ASSETCATALOG_COMPILER_GLOBAL_ACCENT_COLOR_NAME = AccentColor;
				CODE_SIGN_STYLE = Automatic;
				CURRENT_PROJECT_VERSION = 1;
				DEVELOPMENT_TEAM = T62JF6T7Q4;
				GENERATE_INFOPLIST_FILE = YES;
				INFOPLIST_FILE = CodebasePractice/Info.plist;
				INFOPLIST_KEY_UIApplicationSupportsIndirectInputEvents = YES;
				INFOPLIST_KEY_UILaunchStoryboardName = LaunchScreen;
				INFOPLIST_KEY_UIMainStoryboardFile = "";
				INFOPLIST_KEY_UISupportedInterfaceOrientations = UIInterfaceOrientationPortrait;
				INFOPLIST_KEY_UISupportedInterfaceOrientations_iPad = UIInterfaceOrientationPortrait;
				IPHONEOS_DEPLOYMENT_TARGET = 17.0;
				LD_RUNPATH_SEARCH_PATHS = (
					"$(inherited)",
					"@executable_path/Frameworks",
				);
				MARKETING_VERSION = 1.0;
				PRODUCT_BUNDLE_IDENTIFIER = kr.co.kmj.CodebasePractice;
				PRODUCT_NAME = "$(TARGET_NAME)";
				SUPPORTED_PLATFORMS = "iphoneos iphonesimulator";
				SUPPORTS_MACCATALYST = NO;
				SUPPORTS_MAC_DESIGNED_FOR_IPHONE_IPAD = NO;
				SUPPORTS_XR_DESIGNED_FOR_IPHONE_IPAD = NO;
				SWIFT_EMIT_LOC_STRINGS = YES;
				SWIFT_VERSION = 5.0;
				TARGETED_DEVICE_FAMILY = 1;
			};
			name = Debug;
		};
		7B5C13732C0EFAEC0096DE9E /* Release */ = {
			isa = XCBuildConfiguration;
			buildSettings = {
				ASSETCATALOG_COMPILER_APPICON_NAME = AppIcon;
				ASSETCATALOG_COMPILER_GLOBAL_ACCENT_COLOR_NAME = AccentColor;
				CODE_SIGN_STYLE = Automatic;
				CURRENT_PROJECT_VERSION = 1;
				DEVELOPMENT_TEAM = T62JF6T7Q4;
				GENERATE_INFOPLIST_FILE = YES;
				INFOPLIST_FILE = CodebasePractice/Info.plist;
				INFOPLIST_KEY_UIApplicationSupportsIndirectInputEvents = YES;
				INFOPLIST_KEY_UILaunchStoryboardName = LaunchScreen;
				INFOPLIST_KEY_UIMainStoryboardFile = "";
				INFOPLIST_KEY_UISupportedInterfaceOrientations = UIInterfaceOrientationPortrait;
				INFOPLIST_KEY_UISupportedInterfaceOrientations_iPad = UIInterfaceOrientationPortrait;
				IPHONEOS_DEPLOYMENT_TARGET = 17.0;
				LD_RUNPATH_SEARCH_PATHS = (
					"$(inherited)",
					"@executable_path/Frameworks",
				);
				MARKETING_VERSION = 1.0;
				PRODUCT_BUNDLE_IDENTIFIER = kr.co.kmj.CodebasePractice;
				PRODUCT_NAME = "$(TARGET_NAME)";
				SUPPORTED_PLATFORMS = "iphoneos iphonesimulator";
				SUPPORTS_MACCATALYST = NO;
				SUPPORTS_MAC_DESIGNED_FOR_IPHONE_IPAD = NO;
				SUPPORTS_XR_DESIGNED_FOR_IPHONE_IPAD = NO;
				SWIFT_EMIT_LOC_STRINGS = YES;
				SWIFT_VERSION = 5.0;
				TARGETED_DEVICE_FAMILY = 1;
			};
			name = Release;
		};
/* End XCBuildConfiguration section */

/* Begin XCConfigurationList section */
		7B5C13582C0EFAEB0096DE9E /* Build configuration list for PBXProject "CodebasePractice" */ = {
			isa = XCConfigurationList;
			buildConfigurations = (
				7B5C136F2C0EFAEC0096DE9E /* Debug */,
				7B5C13702C0EFAEC0096DE9E /* Release */,
			);
			defaultConfigurationIsVisible = 0;
			defaultConfigurationName = Release;
		};
		7B5C13712C0EFAEC0096DE9E /* Build configuration list for PBXNativeTarget "CodebasePractice" */ = {
			isa = XCConfigurationList;
			buildConfigurations = (
				7B5C13722C0EFAEC0096DE9E /* Debug */,
				7B5C13732C0EFAEC0096DE9E /* Release */,
			);
			defaultConfigurationIsVisible = 0;
			defaultConfigurationName = Release;
		};
/* End XCConfigurationList section */

/* Begin XCRemoteSwiftPackageReference section */
		7B5C13762C0EFECC0096DE9E /* XCRemoteSwiftPackageReference "SnapKit" */ = {
			isa = XCRemoteSwiftPackageReference;
			repositoryURL = "https://github.com/SnapKit/SnapKit.git";
			requirement = {
				kind = upToNextMajorVersion;
				minimumVersion = 5.7.1;
			};
		};
		7B5C13792C0EFED70096DE9E /* XCRemoteSwiftPackageReference "Kingfisher" */ = {
			isa = XCRemoteSwiftPackageReference;
			repositoryURL = "https://github.com/onevcat/Kingfisher.git";
			requirement = {
				kind = upToNextMajorVersion;
				minimumVersion = 7.11.0;
			};
		};
		7B5C13C72C11DC670096DE9E /* XCRemoteSwiftPackageReference "Alamofire" */ = {
			isa = XCRemoteSwiftPackageReference;
			repositoryURL = "https://github.com/Alamofire/Alamofire.git";
			requirement = {
				kind = upToNextMajorVersion;
				minimumVersion = 5.9.1;
			};
		};
		7B72EB592C341BB3007CFAAF /* XCRemoteSwiftPackageReference "realm-swift" */ = {
			isa = XCRemoteSwiftPackageReference;
			repositoryURL = "https://github.com/realm/realm-swift.git";
			requirement = {
				branch = master;
				kind = branch;
			};
		};
		7B72EB5C2C341BC5007CFAAF /* XCRemoteSwiftPackageReference "IQKeyboardManager" */ = {
			isa = XCRemoteSwiftPackageReference;
			repositoryURL = "https://github.com/hackiftekhar/IQKeyboardManager.git";
			requirement = {
				kind = upToNextMajorVersion;
				minimumVersion = 7.0.3;
			};
		};
/* End XCRemoteSwiftPackageReference section */

/* Begin XCSwiftPackageProductDependency section */
		7B5C13772C0EFECC0096DE9E /* SnapKit */ = {
			isa = XCSwiftPackageProductDependency;
			package = 7B5C13762C0EFECC0096DE9E /* XCRemoteSwiftPackageReference "SnapKit" */;
			productName = SnapKit;
		};
		7B5C137A2C0EFED70096DE9E /* Kingfisher */ = {
			isa = XCSwiftPackageProductDependency;
			package = 7B5C13792C0EFED70096DE9E /* XCRemoteSwiftPackageReference "Kingfisher" */;
			productName = Kingfisher;
		};
		7B5C13C82C11DC670096DE9E /* Alamofire */ = {
			isa = XCSwiftPackageProductDependency;
			package = 7B5C13C72C11DC670096DE9E /* XCRemoteSwiftPackageReference "Alamofire" */;
			productName = Alamofire;
		};
		7B72EB5A2C341BB3007CFAAF /* RealmSwift */ = {
			isa = XCSwiftPackageProductDependency;
			package = 7B72EB592C341BB3007CFAAF /* XCRemoteSwiftPackageReference "realm-swift" */;
			productName = RealmSwift;
		};
		7B72EB5D2C341BC5007CFAAF /* IQKeyboardManagerSwift */ = {
			isa = XCSwiftPackageProductDependency;
			package = 7B72EB5C2C341BC5007CFAAF /* XCRemoteSwiftPackageReference "IQKeyboardManager" */;
			productName = IQKeyboardManagerSwift;
		};
/* End XCSwiftPackageProductDependency section */
	};
	rootObject = 7B5C13552C0EFAEB0096DE9E /* Project object */;
}
